{
  "name": "swiper",
  "version": "1.0.0",
  "lockfileVersion": 1,
  "requires": true,
  "dependencies": {
    "mini-ali-ui": {
      "version": "1.0.8",
      "resolved": "https://registry.npmjs.org/mini-ali-ui/-/mini-ali-ui-1.0.8.tgz",
      "integrity": "sha512-AF6on3G1AftnYMVlGvx9bSKJUjt8F9vl11na3755RJXTYx+1gQ1PAPkbhLyObBwhx8ZFqz0OJFQvgJCkqDZpBA=="
    }
  }
}
